
Microsoft Visual Studio Solution File, Format Version 12.00
Project("{FAE04EC0-301F-11D3-BF4B-00C04F79EFBC}") = "HarryPotterSpells", "HarryPotterSpells.csproj", "{C1D9E662-F55E-44DB-8C02-C93F9F5005A3}"
EndProject
Global
	GlobalSection(SolutionConfigurationPlatforms) = preSolution
		Debug|Any CPU = Debug|Any CPU
		Release|Any CPU = Release|Any CPU
	EndGlobalSection
	GlobalSection(ProjectConfigurationPlatforms) = postSolution
		{C1D9E662-F55E-44DB-8C02-C93F9F5005A3}.Debug|Any CPU.ActiveCfg = Debug|Any CPU
		{C1D9E662-F55E-44DB-8C02-C93F9F5005A3}.Debug|Any CPU.Build.0 = Debug|Any CPU
		{C1D9E662-F55E-44DB-8C02-C93F9F5005A3}.Release|Any CPU.ActiveCfg = Release|Any CPU
		{C1D9E662-F55E-44DB-8C02-C93F9F5005A3}.Release|Any CPU.Build.0 = Release|Any CPU
	EndGlobalSection
EndGlobal
