
Microsoft Visual Studio Solution File, Format Version 12.00
Project("{FAE04EC0-301F-11D3-BF4B-00C04F79EFBC}") = "ConsoleTester.Test", "ConsoleTester.Test\ConsoleTester.Test.csproj", "{F25295D3-EA36-473C-8E37-868BED661708}"
EndProject
Project("{FAE04EC0-301F-11D3-BF4B-00C04F79EFBC}") = "ConsoleTester", "ConsoleTester\ConsoleTester.csproj", "{BEAED10D-4767-44BD-84F8-AF070336410B}"
EndProject
Global
	GlobalSection(SolutionConfigurationPlatforms) = preSolution
		Debug|Any CPU = Debug|Any CPU
		Release|Any CPU = Release|Any CPU
	EndGlobalSection
	GlobalSection(ProjectConfigurationPlatforms) = postSolution
		{F25295D3-EA36-473C-8E37-868BED661708}.Debug|Any CPU.ActiveCfg = Debug|Any CPU
		{F25295D3-EA36-473C-8E37-868BED661708}.Debug|Any CPU.Build.0 = Debug|Any CPU
		{F25295D3-EA36-473C-8E37-868BED661708}.Release|Any CPU.ActiveCfg = Release|Any CPU
		{F25295D3-EA36-473C-8E37-868BED661708}.Release|Any CPU.Build.0 = Release|Any CPU
		{BEAED10D-4767-44BD-84F8-AF070336410B}.Debug|Any CPU.ActiveCfg = Debug|Any CPU
		{BEAED10D-4767-44BD-84F8-AF070336410B}.Debug|Any CPU.Build.0 = Debug|Any CPU
		{BEAED10D-4767-44BD-84F8-AF070336410B}.Release|Any CPU.ActiveCfg = Release|Any CPU
		{BEAED10D-4767-44BD-84F8-AF070336410B}.Release|Any CPU.Build.0 = Release|Any CPU
	EndGlobalSection
EndGlobal
